
Microsoft Visual Studio Solution File, Format Version 12.00
# Visual Studio Version 17
VisualStudioVersion = 17.8.35201.163
MinimumVisualStudioVersion = 10.0.40219.1
Project("{FAE04EC0-301F-11D3-BF4B-00C04F79EFBC}") = "TrackerLibrary", "TrackerLibrary\TrackerLibrary.csproj", "{AFBEEB8E-85F2-48A8-A620-27A93EBC6667}"
EndProject
Project("{FAE04EC0-301F-11D3-BF4B-00C04F79EFBC}") = "TrackerUI", "TrackerUI\TrackerUI.csproj", "{8F4A9C52-912A-4239-8CB6-961C69BD5AF2}"
EndProject
Global
	GlobalSection(SolutionConfigurationPlatforms) = preSolution
		Debug|Any CPU = Debug|Any CPU
		Release|Any CPU = Release|Any CPU
	EndGlobalSection
	GlobalSection(ProjectConfigurationPlatforms) = postSolution
		{AFBEEB8E-85F2-48A8-A620-27A93EBC6667}.Debug|Any CPU.ActiveCfg = Debug|Any CPU
		{AFBEEB8E-85F2-48A8-A620-27A93EBC6667}.Debug|Any CPU.Build.0 = Debug|Any CPU
		{AFBEEB8E-85F2-48A8-A620-27A93EBC6667}.Release|Any CPU.ActiveCfg = Release|Any CPU
		{AFBEEB8E-85F2-48A8-A620-27A93EBC6667}.Release|Any CPU.Build.0 = Release|Any CPU
		{8F4A9C52-912A-4239-8CB6-961C69BD5AF2}.Debug|Any CPU.ActiveCfg = Debug|Any CPU
		{8F4A9C52-912A-4239-8CB6-961C69BD5AF2}.Debug|Any CPU.Build.0 = Debug|Any CPU
		{8F4A9C52-912A-4239-8CB6-961C69BD5AF2}.Release|Any CPU.ActiveCfg = Release|Any CPU
		{8F4A9C52-912A-4239-8CB6-961C69BD5AF2}.Release|Any CPU.Build.0 = Release|Any CPU
	EndGlobalSection
	GlobalSection(SolutionProperties) = preSolution
		HideSolutionNode = FALSE
	EndGlobalSection
	GlobalSection(ExtensibilityGlobals) = postSolution
		SolutionGuid = {3517A7E7-9588-4DF8-99A0-FD6556EA26FA}
	EndGlobalSection
EndGlobal
